// !$*UTF8*$!
{
	archiveVersion = 1;
	classes = {
	};
	objectVersion = 50;
	objects = {

/* Begin PBXBuildFile section */
		04C1F24B251062F2004468D2 /* AppDelegate.swift in Sources */ = {isa = PBXBuildFile; fileRef = 04C1F24A251062F2004468D2 /* AppDelegate.swift */; };
		04C1F24D251062F2004468D2 /* SceneDelegate.swift in Sources */ = {isa = PBXBuildFile; fileRef = 04C1F24C251062F2004468D2 /* SceneDelegate.swift */; };
		04C1F24F251062F2004468D2 /* ViewController.swift in Sources */ = {isa = PBXBuildFile; fileRef = 04C1F24E251062F2004468D2 /* ViewController.swift */; };
		04C1F252251062F2004468D2 /* Main.storyboard in Resources */ = {isa = PBXBuildFile; fileRef = 04C1F250251062F2004468D2 /* Main.storyboard */; };
		04C1F254251062F4004468D2 /* Assets.xcassets in Resources */ = {isa = PBXBuildFile; fileRef = 04C1F253251062F4004468D2 /* Assets.xcassets */; };
		04C1F257251062F4004468D2 /* LaunchScreen.storyboard in Resources */ = {isa = PBXBuildFile; fileRef = 04C1F255251062F4004468D2 /* LaunchScreen.storyboard */; };
		04C1F262251062F4004468D2 /* PokedexTests.swift in Sources */ = {isa = PBXBuildFile; fileRef = 04C1F261251062F4004468D2 /* PokedexTests.swift */; };
		B70CD3529BD079D412A0EB29 /* Pods_PokedexTests.framework in Frameworks */ = {isa = PBXBuildFile; fileRef = 2003B3F498904E5EBF4ABF3F /* Pods_PokedexTests.framework */; };
		EA53DC060E6548666432E97D /* Pods_Pokedex.framework in Frameworks */ = {isa = PBXBuildFile; fileRef = B12848983D5D72546041C07D /* Pods_Pokedex.framework */; };
/* End PBXBuildFile section */

/* Begin PBXContainerItemProxy section */
		04C1F25E251062F4004468D2 /* PBXContainerItemProxy */ = {
			isa = PBXContainerItemProxy;
			containerPortal = 04C1F23F251062F2004468D2 /* Project object */;
			proxyType = 1;
			remoteGlobalIDString = 04C1F246251062F2004468D2;
			remoteInfo = Pokedex;
		};
/* End PBXContainerItemProxy section */

/* Begin PBXFileReference section */
		04C1F247251062F2004468D2 /* Pokedex.app */ = {isa = PBXFileReference; explicitFileType = wrapper.application; includeInIndex = 0; path = Pokedex.app; sourceTree = BUILT_PRODUCTS_DIR; };
		04C1F24A251062F2004468D2 /* AppDelegate.swift */ = {isa = PBXFileReference; lastKnownFileType = sourcecode.swift; path = AppDelegate.swift; sourceTree = "<group>"; };
		04C1F24C251062F2004468D2 /* SceneDelegate.swift */ = {isa = PBXFileReference; lastKnownFileType = sourcecode.swift; path = SceneDelegate.swift; sourceTree = "<group>"; };
		04C1F24E251062F2004468D2 /* ViewController.swift */ = {isa = PBXFileReference; lastKnownFileType = sourcecode.swift; path = ViewController.swift; sourceTree = "<group>"; };
		04C1F251251062F2004468D2 /* Base */ = {isa = PBXFileReference; lastKnownFileType = file.storyboard; name = Base; path = Base.lproj/Main.storyboard; sourceTree = "<group>"; };
		04C1F253251062F4004468D2 /* Assets.xcassets */ = {isa = PBXFileReference; lastKnownFileType = folder.assetcatalog; path = Assets.xcassets; sourceTree = "<group>"; };
		04C1F256251062F4004468D2 /* Base */ = {isa = PBXFileReference; lastKnownFileType = file.storyboard; name = Base; path = Base.lproj/LaunchScreen.storyboard; sourceTree = "<group>"; };
		04C1F258251062F4004468D2 /* Info.plist */ = {isa = PBXFileReference; lastKnownFileType = text.plist.xml; path = Info.plist; sourceTree = "<group>"; };
		04C1F25D251062F4004468D2 /* PokedexTests.xctest */ = {isa = PBXFileReference; explicitFileType = wrapper.cfbundle; includeInIndex = 0; path = PokedexTests.xctest; sourceTree = BUILT_PRODUCTS_DIR; };
		04C1F261251062F4004468D2 /* PokedexTests.swift */ = {isa = PBXFileReference; lastKnownFileType = sourcecode.swift; path = PokedexTests.swift; sourceTree = "<group>"; };
		04C1F263251062F4004468D2 /* Info.plist */ = {isa = PBXFileReference; lastKnownFileType = text.plist.xml; path = Info.plist; sourceTree = "<group>"; };
		2003B3F498904E5EBF4ABF3F /* Pods_PokedexTests.framework */ = {isa = PBXFileReference; explicitFileType = wrapper.framework; includeInIndex = 0; path = Pods_PokedexTests.framework; sourceTree = BUILT_PRODUCTS_DIR; };
		427BF87BCB91DC8DAC7068D3 /* Pods-Pokedex.debug.xcconfig */ = {isa = PBXFileReference; includeInIndex = 1; lastKnownFileType = text.xcconfig; name = "Pods-Pokedex.debug.xcconfig"; path = "Target Support Files/Pods-Pokedex/Pods-Pokedex.debug.xcconfig"; sourceTree = "<group>"; };
		80686CEC69B394313624D391 /* Pods-PokedexTests.debug.xcconfig */ = {isa = PBXFileReference; includeInIndex = 1; lastKnownFileType = text.xcconfig; name = "Pods-PokedexTests.debug.xcconfig"; path = "Target Support Files/Pods-PokedexTests/Pods-PokedexTests.debug.xcconfig"; sourceTree = "<group>"; };
		905EFCD5705207E906F04469 /* Pods-Pokedex.release.xcconfig */ = {isa = PBXFileReference; includeInIndex = 1; lastKnownFileType = text.xcconfig; name = "Pods-Pokedex.release.xcconfig"; path = "Target Support Files/Pods-Pokedex/Pods-Pokedex.release.xcconfig"; sourceTree = "<group>"; };
		B12848983D5D72546041C07D /* Pods_Pokedex.framework */ = {isa = PBXFileReference; explicitFileType = wrapper.framework; includeInIndex = 0; path = Pods_Pokedex.framework; sourceTree = BUILT_PRODUCTS_DIR; };
		DA0D5658E170C21A82B2AD1F /* Pods-PokedexTests.release.xcconfig */ = {isa = PBXFileReference; includeInIndex = 1; lastKnownFileType = text.xcconfig; name = "Pods-PokedexTests.release.xcconfig"; path = "Target Support Files/Pods-PokedexTests/Pods-PokedexTests.release.xcconfig"; sourceTree = "<group>"; };
/* End PBXFileReference section */

/* Begin PBXFrameworksBuildPhase section */
		04C1F244251062F2004468D2 /* Frameworks */ = {
			isa = PBXFrameworksBuildPhase;
			buildActionMask = 2147483647;
			files = (
				EA53DC060E6548666432E97D /* Pods_Pokedex.framework in Frameworks */,
			);
			runOnlyForDeploymentPostprocessing = 0;
		};
		04C1F25A251062F4004468D2 /* Frameworks */ = {
			isa = PBXFrameworksBuildPhase;
			buildActionMask = 2147483647;
			files = (
				B70CD3529BD079D412A0EB29 /* Pods_PokedexTests.framework in Frameworks */,
			);
			runOnlyForDeploymentPostprocessing = 0;
		};
/* End PBXFrameworksBuildPhase section */

/* Begin PBXGroup section */
		04C1F23E251062F2004468D2 = {
			isa = PBXGroup;
			children = (
				04C1F249251062F2004468D2 /* Pokedex */,
				04C1F260251062F4004468D2 /* PokedexTests */,
				04C1F248251062F2004468D2 /* Products */,
				6E4E697F96763376ACD8DB6C /* Pods */,
				FE619EEE0C84A91B9282DEC9 /* Frameworks */,
			);
			sourceTree = "<group>";
		};
		04C1F248251062F2004468D2 /* Products */ = {
			isa = PBXGroup;
			children = (
				04C1F247251062F2004468D2 /* Pokedex.app */,
				04C1F25D251062F4004468D2 /* PokedexTests.xctest */,
			);
			name = Products;
			sourceTree = "<group>";
		};
		04C1F249251062F2004468D2 /* Pokedex */ = {
			isa = PBXGroup;
			children = (
				04C1F26C251063E5004468D2 /* Modules */,
				04C1F27025106400004468D2 /* ExternalDataManager */,
				04C1F27125106414004468D2 /* SupportingFiles */,
				04C1F27225106450004468D2 /* Assets */,
			);
			path = Pokedex;
			sourceTree = "<group>";
		};
		04C1F260251062F4004468D2 /* PokedexTests */ = {
			isa = PBXGroup;
			children = (
				04C1F261251062F4004468D2 /* PokedexTests.swift */,
				04C1F263251062F4004468D2 /* Info.plist */,
			);
			path = PokedexTests;
			sourceTree = "<group>";
		};
		04C1F26C251063E5004468D2 /* Modules */ = {
			isa = PBXGroup;
			children = (
				04C1F26F251063F8004468D2 /* Model */,
				04C1F26E251063F2004468D2 /* View */,
				04C1F26D251063EC004468D2 /* Controller */,
			);
			path = Modules;
			sourceTree = "<group>";
		};
		04C1F26D251063EC004468D2 /* Controller */ = {
			isa = PBXGroup;
			children = (
				04C1F24E251062F2004468D2 /* ViewController.swift */,
			);
			path = Controller;
			sourceTree = "<group>";
		};
		04C1F26E251063F2004468D2 /* View */ = {
			isa = PBXGroup;
			children = (
				04C1F255251062F4004468D2 /* LaunchScreen.storyboard */,
				04C1F250251062F2004468D2 /* Main.storyboard */,
			);
			path = View;
			sourceTree = "<group>";
		};
		04C1F26F251063F8004468D2 /* Model */ = {
			isa = PBXGroup;
			children = (
			);
			path = Model;
			sourceTree = "<group>";
		};
		04C1F27025106400004468D2 /* ExternalDataManager */ = {
			isa = PBXGroup;
			children = (
			);
			path = ExternalDataManager;
			sourceTree = "<group>";
		};
		04C1F27125106414004468D2 /* SupportingFiles */ = {
			isa = PBXGroup;
			children = (
				04C1F24A251062F2004468D2 /* AppDelegate.swift */,
				04C1F24C251062F2004468D2 /* SceneDelegate.swift */,
				04C1F258251062F4004468D2 /* Info.plist */,
			);
			path = SupportingFiles;
			sourceTree = "<group>";
		};
		04C1F27225106450004468D2 /* Assets */ = {
			isa = PBXGroup;
			children = (
				04C1F253251062F4004468D2 /* Assets.xcassets */,
			);
			path = Assets;
			sourceTree = "<group>";
		};
		6E4E697F96763376ACD8DB6C /* Pods */ = {
			isa = PBXGroup;
			children = (
				427BF87BCB91DC8DAC7068D3 /* Pods-Pokedex.debug.xcconfig */,
				905EFCD5705207E906F04469 /* Pods-Pokedex.release.xcconfig */,
				80686CEC69B394313624D391 /* Pods-PokedexTests.debug.xcconfig */,
				DA0D5658E170C21A82B2AD1F /* Pods-PokedexTests.release.xcconfig */,
			);
			name = Pods;
			path = Pods;
			sourceTree = "<group>";
		};
		FE619EEE0C84A91B9282DEC9 /* Frameworks */ = {
			isa = PBXGroup;
			children = (
				B12848983D5D72546041C07D /* Pods_Pokedex.framework */,
				2003B3F498904E5EBF4ABF3F /* Pods_PokedexTests.framework */,
			);
			name = Frameworks;
			sourceTree = "<group>";
		};
/* End PBXGroup section */

/* Begin PBXNativeTarget section */
		04C1F246251062F2004468D2 /* Pokedex */ = {
			isa = PBXNativeTarget;
			buildConfigurationList = 04C1F266251062F4004468D2 /* Build configuration list for PBXNativeTarget "Pokedex" */;
			buildPhases = (
				684AC67C675119DF0F75CF02 /* [CP] Check Pods Manifest.lock */,
				04C1F243251062F2004468D2 /* Sources */,
				04C1F244251062F2004468D2 /* Frameworks */,
				04C1F245251062F2004468D2 /* Resources */,
				E4CBF8443E375FE3CB9BB0A0 /* [CP] Embed Pods Frameworks */,
			);
			buildRules = (
			);
			dependencies = (
			);
			name = Pokedex;
			productName = Pokedex;
			productReference = 04C1F247251062F2004468D2 /* Pokedex.app */;
			productType = "com.apple.product-type.application";
		};
		04C1F25C251062F4004468D2 /* PokedexTests */ = {
			isa = PBXNativeTarget;
			buildConfigurationList = 04C1F269251062F4004468D2 /* Build configuration list for PBXNativeTarget "PokedexTests" */;
			buildPhases = (
				28C40D4007B21F883A35CA66 /* [CP] Check Pods Manifest.lock */,
				04C1F259251062F4004468D2 /* Sources */,
				04C1F25A251062F4004468D2 /* Frameworks */,
				04C1F25B251062F4004468D2 /* Resources */,
			);
			buildRules = (
			);
			dependencies = (
				04C1F25F251062F4004468D2 /* PBXTargetDependency */,
			);
			name = PokedexTests;
			productName = PokedexTests;
			productReference = 04C1F25D251062F4004468D2 /* PokedexTests.xctest */;
			productType = "com.apple.product-type.bundle.unit-test";
		};
/* End PBXNativeTarget section */

/* Begin PBXProject section */
		04C1F23F251062F2004468D2 /* Project object */ = {
			isa = PBXProject;
			attributes = {
				LastSwiftUpdateCheck = 1160;
				LastUpgradeCheck = 1160;
				ORGANIZATIONNAME = Felipe18;
				TargetAttributes = {
					04C1F246251062F2004468D2 = {
						CreatedOnToolsVersion = 11.6;
					};
					04C1F25C251062F4004468D2 = {
						CreatedOnToolsVersion = 11.6;
						TestTargetID = 04C1F246251062F2004468D2;
					};
				};
			};
			buildConfigurationList = 04C1F242251062F2004468D2 /* Build configuration list for PBXProject "Pokedex" */;
			compatibilityVersion = "Xcode 9.3";
			developmentRegion = en;
			hasScannedForEncodings = 0;
			knownRegions = (
				en,
				Base,
			);
			mainGroup = 04C1F23E251062F2004468D2;
			productRefGroup = 04C1F248251062F2004468D2 /* Products */;
			projectDirPath = "";
			projectRoot = "";
			targets = (
				04C1F246251062F2004468D2 /* Pokedex */,
				04C1F25C251062F4004468D2 /* PokedexTests */,
			);
		};
/* End PBXProject section */

/* Begin PBXResourcesBuildPhase section */
		04C1F245251062F2004468D2 /* Resources */ = {
			isa = PBXResourcesBuildPhase;
			buildActionMask = 2147483647;
			files = (
				04C1F257251062F4004468D2 /* LaunchScreen.storyboard in Resources */,
				04C1F254251062F4004468D2 /* Assets.xcassets in Resources */,
				04C1F252251062F2004468D2 /* Main.storyboard in Resources */,
			);
			runOnlyForDeploymentPostprocessing = 0;
		};
		04C1F25B251062F4004468D2 /* Resources */ = {
			isa = PBXResourcesBuildPhase;
			buildActionMask = 2147483647;
			files = (
			);
			runOnlyForDeploymentPostprocessing = 0;
		};
/* End PBXResourcesBuildPhase section */

/* Begin PBXShellScriptBuildPhase section */
		28C40D4007B21F883A35CA66 /* [CP] Check Pods Manifest.lock */ = {
			isa = PBXShellScriptBuildPhase;
			buildActionMask = 2147483647;
			files = (
			);
			inputFileListPaths = (
			);
			inputPaths = (
				"${PODS_PODFILE_DIR_PATH}/Podfile.lock",
				"${PODS_ROOT}/Manifest.lock",
			);
			name = "[CP] Check Pods Manifest.lock";
			outputFileListPaths = (
			);
			outputPaths = (
				"$(DERIVED_FILE_DIR)/Pods-PokedexTests-checkManifestLockResult.txt",
			);
			runOnlyForDeploymentPostprocessing = 0;
			shellPath = /bin/sh;
			shellScript = "diff \"${PODS_PODFILE_DIR_PATH}/Podfile.lock\" \"${PODS_ROOT}/Manifest.lock\" > /dev/null\nif [ $? != 0 ] ; then\n    # print error to STDERR\n    echo \"error: The sandbox is not in sync with the Podfile.lock. Run 'pod install' or update your CocoaPods installation.\" >&2\n    exit 1\nfi\n# This output is used by Xcode 'outputs' to avoid re-running this script phase.\necho \"SUCCESS\" > \"${SCRIPT_OUTPUT_FILE_0}\"\n";
			showEnvVarsInLog = 0;
		};
		684AC67C675119DF0F75CF02 /* [CP] Check Pods Manifest.lock */ = {
			isa = PBXShellScriptBuildPhase;
			buildActionMask = 2147483647;
			files = (
			);
			inputFileListPaths = (
			);
			inputPaths = (
				"${PODS_PODFILE_DIR_PATH}/Podfile.lock",
				"${PODS_ROOT}/Manifest.lock",
			);
			name = "[CP] Check Pods Manifest.lock";
			outputFileListPaths = (
			);
			outputPaths = (
				"$(DERIVED_FILE_DIR)/Pods-Pokedex-checkManifestLockResult.txt",
			);
			runOnlyForDeploymentPostprocessing = 0;
			shellPath = /bin/sh;
			shellScript = "diff \"${PODS_PODFILE_DIR_PATH}/Podfile.lock\" \"${PODS_ROOT}/Manifest.lock\" > /dev/null\nif [ $? != 0 ] ; then\n    # print error to STDERR\n    echo \"error: The sandbox is not in sync with the Podfile.lock. Run 'pod install' or update your CocoaPods installation.\" >&2\n    exit 1\nfi\n# This output is used by Xcode 'outputs' to avoid re-running this script phase.\necho \"SUCCESS\" > \"${SCRIPT_OUTPUT_FILE_0}\"\n";
			showEnvVarsInLog = 0;
		};
		E4CBF8443E375FE3CB9BB0A0 /* [CP] Embed Pods Frameworks */ = {
			isa = PBXShellScriptBuildPhase;
			buildActionMask = 2147483647;
			files = (
			);
			inputFileListPaths = (
				"${PODS_ROOT}/Target Support Files/Pods-Pokedex/Pods-Pokedex-frameworks-${CONFIGURATION}-input-files.xcfilelist",
			);
			name = "[CP] Embed Pods Frameworks";
			outputFileListPaths = (
				"${PODS_ROOT}/Target Support Files/Pods-Pokedex/Pods-Pokedex-frameworks-${CONFIGURATION}-output-files.xcfilelist",
			);
			runOnlyForDeploymentPostprocessing = 0;
			shellPath = /bin/sh;
			shellScript = "\"${PODS_ROOT}/Target Support Files/Pods-Pokedex/Pods-Pokedex-frameworks.sh\"\n";
			showEnvVarsInLog = 0;
		};
/* End PBXShellScriptBuildPhase section */

/* Begin PBXSourcesBuildPhase section */
		04C1F243251062F2004468D2 /* Sources */ = {
			isa = PBXSourcesBuildPhase;
			buildActionMask = 2147483647;
			files = (
				04C1F24F251062F2004468D2 /* ViewController.swift in Sources */,
				04C1F24B251062F2004468D2 /* AppDelegate.swift in Sources */,
				04C1F24D251062F2004468D2 /* SceneDelegate.swift in Sources */,
			);
			runOnlyForDeploymentPostprocessing = 0;
		};
		04C1F259251062F4004468D2 /* Sources */ = {
			isa = PBXSourcesBuildPhase;
			buildActionMask = 2147483647;
			files = (
				04C1F262251062F4004468D2 /* PokedexTests.swift in Sources */,
			);
			runOnlyForDeploymentPostprocessing = 0;
		};
/* End PBXSourcesBuildPhase section */

/* Begin PBXTargetDependency section */
		04C1F25F251062F4004468D2 /* PBXTargetDependency */ = {
			isa = PBXTargetDependency;
			target = 04C1F246251062F2004468D2 /* Pokedex */;
			targetProxy = 04C1F25E251062F4004468D2 /* PBXContainerItemProxy */;
		};
/* End PBXTargetDependency section */

/* Begin PBXVariantGroup section */
		04C1F250251062F2004468D2 /* Main.storyboard */ = {
			isa = PBXVariantGroup;
			children = (
				04C1F251251062F2004468D2 /* Base */,
			);
			name = Main.storyboard;
			sourceTree = "<group>";
		};
		04C1F255251062F4004468D2 /* LaunchScreen.storyboard */ = {
			isa = PBXVariantGroup;
			children = (
				04C1F256251062F4004468D2 /* Base */,
			);
			name = LaunchScreen.storyboard;
			sourceTree = "<group>";
		};
/* End PBXVariantGroup section */

/* Begin XCBuildConfiguration section */
		04C1F264251062F4004468D2 /* Debug */ = {
			isa = XCBuildConfiguration;
			buildSettings = {
				ALWAYS_SEARCH_USER_PATHS = NO;
				CLANG_ANALYZER_NONNULL = YES;
				CLANG_ANALYZER_NUMBER_OBJECT_CONVERSION = YES_AGGRESSIVE;
				CLANG_CXX_LANGUAGE_STANDARD = "gnu++14";
				CLANG_CXX_LIBRARY = "libc++";
				CLANG_ENABLE_MODULES = YES;
				CLANG_ENABLE_OBJC_ARC = YES;
				CLANG_ENABLE_OBJC_WEAK = YES;
				CLANG_WARN_BLOCK_CAPTURE_AUTORELEASING = YES;
				CLANG_WARN_BOOL_CONVERSION = YES;
				CLANG_WARN_COMMA = YES;
				CLANG_WARN_CONSTANT_CONVERSION = YES;
				CLANG_WARN_DEPRECATED_OBJC_IMPLEMENTATIONS = YES;
				CLANG_WARN_DIRECT_OBJC_ISA_USAGE = YES_ERROR;
				CLANG_WARN_DOCUMENTATION_COMMENTS = YES;
				CLANG_WARN_EMPTY_BODY = YES;
				CLANG_WARN_ENUM_CONVERSION = YES;
				CLANG_WARN_INFINITE_RECURSION = YES;
				CLANG_WARN_INT_CONVERSION = YES;
				CLANG_WARN_NON_LITERAL_NULL_CONVERSION = YES;
				CLANG_WARN_OBJC_IMPLICIT_RETAIN_SELF = YES;
				CLANG_WARN_OBJC_LITERAL_CONVERSION = YES;
				CLANG_WARN_OBJC_ROOT_CLASS = YES_ERROR;
				CLANG_WARN_RANGE_LOOP_ANALYSIS = YES;
				CLANG_WARN_STRICT_PROTOTYPES = YES;
				CLANG_WARN_SUSPICIOUS_MOVE = YES;
				CLANG_WARN_UNGUARDED_AVAILABILITY = YES_AGGRESSIVE;
				CLANG_WARN_UNREACHABLE_CODE = YES;
				CLANG_WARN__DUPLICATE_METHOD_MATCH = YES;
				COPY_PHASE_STRIP = NO;
				DEBUG_INFORMATION_FORMAT = dwarf;
				ENABLE_STRICT_OBJC_MSGSEND = YES;
				ENABLE_TESTABILITY = YES;
				GCC_C_LANGUAGE_STANDARD = gnu11;
				GCC_DYNAMIC_NO_PIC = NO;
				GCC_NO_COMMON_BLOCKS = YES;
				GCC_OPTIMIZATION_LEVEL = 0;
				GCC_PREPROCESSOR_DEFINITIONS = (
					"DEBUG=1",
					"$(inherited)",
				);
				GCC_WARN_64_TO_32_BIT_CONVERSION = YES;
				GCC_WARN_ABOUT_RETURN_TYPE = YES_ERROR;
				GCC_WARN_UNDECLARED_SELECTOR = YES;
				GCC_WARN_UNINITIALIZED_AUTOS = YES_AGGRESSIVE;
				GCC_WARN_UNUSED_FUNCTION = YES;
				GCC_WARN_UNUSED_VARIABLE = YES;
				IPHONEOS_DEPLOYMENT_TARGET = 13.6;
				MTL_ENABLE_DEBUG_INFO = INCLUDE_SOURCE;
				MTL_FAST_MATH = YES;
				ONLY_ACTIVE_ARCH = YES;
				SDKROOT = iphoneos;
				SWIFT_ACTIVE_COMPILATION_CONDITIONS = DEBUG;
				SWIFT_OPTIMIZATION_LEVEL = "-Onone";
			};
			name = Debug;
		};
		04C1F265251062F4004468D2 /* Release */ = {
			isa = XCBuildConfiguration;
			buildSettings = {
				ALWAYS_SEARCH_USER_PATHS = NO;
				CLANG_ANALYZER_NONNULL = YES;
				CLANG_ANALYZER_NUMBER_OBJECT_CONVERSION = YES_AGGRESSIVE;
				CLANG_CXX_LANGUAGE_STANDARD = "gnu++14";
				CLANG_CXX_LIBRARY = "libc++";
				CLANG_ENABLE_MODULES = YES;
				CLANG_ENABLE_OBJC_ARC = YES;
				CLANG_ENABLE_OBJC_WEAK = YES;
				CLANG_WARN_BLOCK_CAPTURE_AUTORELEASING = YES;
				CLANG_WARN_BOOL_CONVERSION = YES;
				CLANG_WARN_COMMA = YES;
				CLANG_WARN_CONSTANT_CONVERSION = YES;
				CLANG_WARN_DEPRECATED_OBJC_IMPLEMENTATIONS = YES;
				CLANG_WARN_DIRECT_OBJC_ISA_USAGE = YES_ERROR;
				CLANG_WARN_DOCUMENTATION_COMMENTS = YES;
				CLANG_WARN_EMPTY_BODY = YES;
				CLANG_WARN_ENUM_CONVERSION = YES;
				CLANG_WARN_INFINITE_RECURSION = YES;
				CLANG_WARN_INT_CONVERSION = YES;
				CLANG_WARN_NON_LITERAL_NULL_CONVERSION = YES;
				CLANG_WARN_OBJC_IMPLICIT_RETAIN_SELF = YES;
				CLANG_WARN_OBJC_LITERAL_CONVERSION = YES;
				CLANG_WARN_OBJC_ROOT_CLASS = YES_ERROR;
				CLANG_WARN_RANGE_LOOP_ANALYSIS = YES;
				CLANG_WARN_STRICT_PROTOTYPES = YES;
				CLANG_WARN_SUSPICIOUS_MOVE = YES;
				CLANG_WARN_UNGUARDED_AVAILABILITY = YES_AGGRESSIVE;
				CLANG_WARN_UNREACHABLE_CODE = YES;
				CLANG_WARN__DUPLICATE_METHOD_MATCH = YES;
				COPY_PHASE_STRIP = NO;
				DEBUG_INFORMATION_FORMAT = "dwarf-with-dsym";
				ENABLE_NS_ASSERTIONS = NO;
				ENABLE_STRICT_OBJC_MSGSEND = YES;
				GCC_C_LANGUAGE_STANDARD = gnu11;
				GCC_NO_COMMON_BLOCKS = YES;
				GCC_WARN_64_TO_32_BIT_CONVERSION = YES;
				GCC_WARN_ABOUT_RETURN_TYPE = YES_ERROR;
				GCC_WARN_UNDECLARED_SELECTOR = YES;
				GCC_WARN_UNINITIALIZED_AUTOS = YES_AGGRESSIVE;
				GCC_WARN_UNUSED_FUNCTION = YES;
				GCC_WARN_UNUSED_VARIABLE = YES;
				IPHONEOS_DEPLOYMENT_TARGET = 13.6;
				MTL_ENABLE_DEBUG_INFO = NO;
				MTL_FAST_MATH = YES;
				SDKROOT = iphoneos;
				SWIFT_COMPILATION_MODE = wholemodule;
				SWIFT_OPTIMIZATION_LEVEL = "-O";
				VALIDATE_PRODUCT = YES;
			};
			name = Release;
		};
		04C1F267251062F4004468D2 /* Debug */ = {
			isa = XCBuildConfiguration;
			baseConfigurationReference = 427BF87BCB91DC8DAC7068D3 /* Pods-Pokedex.debug.xcconfig */;
			buildSettings = {
				ASSETCATALOG_COMPILER_APPICON_NAME = AppIcon;
				CODE_SIGN_STYLE = Automatic;
				DEVELOPMENT_TEAM = 364QFJJJNH;
				INFOPLIST_FILE = Pokedex/SupportingFiles/Info.plist;
				IPHONEOS_DEPLOYMENT_TARGET = 11.0;
				LD_RUNPATH_SEARCH_PATHS = (
					"$(inherited)",
					"@executable_path/Frameworks",
				);
				PRODUCT_BUNDLE_IDENTIFIER = com.felipe18.Pokedex;
				PRODUCT_NAME = "$(TARGET_NAME)";
				SWIFT_VERSION = 5.0;
				TARGETED_DEVICE_FAMILY = 1;
			};
			name = Debug;
		};
		04C1F268251062F4004468D2 /* Release */ = {
			isa = XCBuildConfiguration;
			baseConfigurationReference = 905EFCD5705207E906F04469 /* Pods-Pokedex.release.xcconfig */;
			buildSettings = {
				ASSETCATALOG_COMPILER_APPICON_NAME = AppIcon;
				CODE_SIGN_STYLE = Automatic;
				DEVELOPMENT_TEAM = 364QFJJJNH;
				INFOPLIST_FILE = Pokedex/SupportingFiles/Info.plist;
				IPHONEOS_DEPLOYMENT_TARGET = 11.0;
				LD_RUNPATH_SEARCH_PATHS = (
					"$(inherited)",
					"@executable_path/Frameworks",
				);
				PRODUCT_BUNDLE_IDENTIFIER = com.felipe18.Pokedex;
				PRODUCT_NAME = "$(TARGET_NAME)";
				SWIFT_VERSION = 5.0;
				TARGETED_DEVICE_FAMILY = 1;
			};
			name = Release;
		};
		04C1F26A251062F4004468D2 /* Debug */ = {
			isa = XCBuildConfiguration;
			baseConfigurationReference = 80686CEC69B394313624D391 /* Pods-PokedexTests.debug.xcconfig */;
			buildSettings = {
				ALWAYS_EMBED_SWIFT_STANDARD_LIBRARIES = YES;
				BUNDLE_LOADER = "$(TEST_HOST)";
				CODE_SIGN_STYLE = Automatic;
				DEVELOPMENT_TEAM = 364QFJJJNH;
				INFOPLIST_FILE = PokedexTests/Info.plist;
				IPHONEOS_DEPLOYMENT_TARGET = 13.6;
				LD_RUNPATH_SEARCH_PATHS = (
					"$(inherited)",
					"@executable_path/Frameworks",
					"@loader_path/Frameworks",
				);
				PRODUCT_BUNDLE_IDENTIFIER = com.felipe18.PokedexTests;
				PRODUCT_NAME = "$(TARGET_NAME)";
				SWIFT_VERSION = 5.0;
				TARGETED_DEVICE_FAMILY = "1,2";
				TEST_HOST = "$(BUILT_PRODUCTS_DIR)/Pokedex.app/Pokedex";
			};
			name = Debug;
		};
		04C1F26B251062F4004468D2 /* Release */ = {
			isa = XCBuildConfiguration;
			baseConfigurationReference = DA0D5658E170C21A82B2AD1F /* Pods-PokedexTests.release.xcconfig */;
			buildSettings = {
				ALWAYS_EMBED_SWIFT_STANDARD_LIBRARIES = YES;
				BUNDLE_LOADER = "$(TEST_HOST)";
				CODE_SIGN_STYLE = Automatic;
				DEVELOPMENT_TEAM = 364QFJJJNH;
				INFOPLIST_FILE = PokedexTests/Info.plist;
				IPHONEOS_DEPLOYMENT_TARGET = 13.6;
				LD_RUNPATH_SEARCH_PATHS = (
					"$(inherited)",
					"@executable_path/Frameworks",
					"@loader_path/Frameworks",
				);
				PRODUCT_BUNDLE_IDENTIFIER = com.felipe18.PokedexTests;
				PRODUCT_NAME = "$(TARGET_NAME)";
				SWIFT_VERSION = 5.0;
				TARGETED_DEVICE_FAMILY = "1,2";
				TEST_HOST = "$(BUILT_PRODUCTS_DIR)/Pokedex.app/Pokedex";
			};
			name = Release;
		};
/* End XCBuildConfiguration section */

/* Begin XCConfigurationList section */
		04C1F242251062F2004468D2 /* Build configuration list for PBXProject "Pokedex" */ = {
			isa = XCConfigurationList;
			buildConfigurations = (
				04C1F264251062F4004468D2 /* Debug */,
				04C1F265251062F4004468D2 /* Release */,
			);
			defaultConfigurationIsVisible = 0;
			defaultConfigurationName = Release;
		};
		04C1F266251062F4004468D2 /* Build configuration list for PBXNativeTarget "Pokedex" */ = {
			isa = XCConfigurationList;
			buildConfigurations = (
				04C1F267251062F4004468D2 /* Debug */,
				04C1F268251062F4004468D2 /* Release */,
			);
			defaultConfigurationIsVisible = 0;
			defaultConfigurationName = Release;
		};
		04C1F269251062F4004468D2 /* Build configuration list for PBXNativeTarget "PokedexTests" */ = {
			isa = XCConfigurationList;
			buildConfigurations = (
				04C1F26A251062F4004468D2 /* Debug */,
				04C1F26B251062F4004468D2 /* Release */,
			);
			defaultConfigurationIsVisible = 0;
			defaultConfigurationName = Release;
		};
/* End XCConfigurationList section */
	};
	rootObject = 04C1F23F251062F2004468D2 /* Project object */;
}
